
Microsoft Visual Studio Solution File, Format Version 12.00
# Visual Studio Version 17
VisualStudioVersion = 17.3.32825.248
MinimumVisualStudioVersion = 10.0.40219.1
Project("{888888A0-9F3D-457C-B088-3A5042F75D52}") = "FinalFaceTracking", "FinalFaceTracking.pyproj", "{7846E467-D489-44D2-A90F-30CC20BCADDD}"
EndProject
Global
	GlobalSection(SolutionConfigurationPlatforms) = preSolution
		Debug|Any CPU = Debug|Any CPU
		Release|Any CPU = Release|Any CPU
	EndGlobalSection
	GlobalSection(ProjectConfigurationPlatforms) = postSolution
		{7846E467-D489-44D2-A90F-30CC20BCADDD}.Debug|Any CPU.ActiveCfg = Debug|Any CPU
		{7846E467-D489-44D2-A90F-30CC20BCADDD}.Release|Any CPU.ActiveCfg = Release|Any CPU
	EndGlobalSection
	GlobalSection(SolutionProperties) = preSolution
		HideSolutionNode = FALSE
	EndGlobalSection
	GlobalSection(ExtensibilityGlobals) = postSolution
		SolutionGuid = {33DD2013-E734-4F94-95CF-848C158CFC02}
	EndGlobalSection
EndGlobal
